// !$*UTF8*$!
{
	archiveVersion = 1;
	classes = {
	};
	objectVersion = 50;
	objects = {

/* Begin PBXBuildFile section */
		2E6FA4012547D099003F1FFE /* AppDelegate.swift in Sources */ = {isa = PBXBuildFile; fileRef = 2E6FA4002547D099003F1FFE /* AppDelegate.swift */; };
		2E6FA4032547D099003F1FFE /* SceneDelegate.swift in Sources */ = {isa = PBXBuildFile; fileRef = 2E6FA4022547D099003F1FFE /* SceneDelegate.swift */; };
		2E6FA4052547D099003F1FFE /* ViewController.swift in Sources */ = {isa = PBXBuildFile; fileRef = 2E6FA4042547D099003F1FFE /* ViewController.swift */; };
		2E6FA4082547D099003F1FFE /* Main.storyboard in Resources */ = {isa = PBXBuildFile; fileRef = 2E6FA4062547D099003F1FFE /* Main.storyboard */; };
		2E6FA40A2547D09B003F1FFE /* Assets.xcassets in Resources */ = {isa = PBXBuildFile; fileRef = 2E6FA4092547D09B003F1FFE /* Assets.xcassets */; };
		2E6FA40D2547D09B003F1FFE /* LaunchScreen.storyboard in Resources */ = {isa = PBXBuildFile; fileRef = 2E6FA40B2547D09B003F1FFE /* LaunchScreen.storyboard */; };
		2E6FA4182547D09B003F1FFE /* HogwartHubTests.swift in Sources */ = {isa = PBXBuildFile; fileRef = 2E6FA4172547D09B003F1FFE /* HogwartHubTests.swift */; };
		2E6FA4242547D485003F1FFE /* API.swift in Sources */ = {isa = PBXBuildFile; fileRef = 2E6FA4232547D485003F1FFE /* API.swift */; };
		2E6FA4262547D4CB003F1FFE /* NetworkHelper.swift in Sources */ = {isa = PBXBuildFile; fileRef = 2E6FA4252547D4CB003F1FFE /* NetworkHelper.swift */; };
		2E6FA4282547D516003F1FFE /* AppError.swift in Sources */ = {isa = PBXBuildFile; fileRef = 2E6FA4272547D516003F1FFE /* AppError.swift */; };
		2E6FA42B2547D5AF003F1FFE /* Model.swift in Sources */ = {isa = PBXBuildFile; fileRef = 2E6FA42A2547D5AF003F1FFE /* Model.swift */; };
		2E6FA42E2547DB08003F1FFE /* Music.swift in Sources */ = {isa = PBXBuildFile; fileRef = 2E6FA42D2547DB08003F1FFE /* Music.swift */; };
		2E6FA4302547DB13003F1FFE /* Harry Potter Theme Song.mp3 in Resources */ = {isa = PBXBuildFile; fileRef = 2E6FA42F2547DB13003F1FFE /* Harry Potter Theme Song.mp3 */; };
		2E6FA4322547DB1C003F1FFE /* arthur-vyncke-snow-and-magic.mp3 in Resources */ = {isa = PBXBuildFile; fileRef = 2E6FA4312547DB1C003F1FFE /* arthur-vyncke-snow-and-magic.mp3 */; };
		2E6FA4352547DBAA003F1FFE /* clouds2.gif in Resources */ = {isa = PBXBuildFile; fileRef = 2E6FA4342547DBAA003F1FFE /* clouds2.gif */; };
		2E6FA4372547DBB4003F1FFE /* sortinghat.gif in Resources */ = {isa = PBXBuildFile; fileRef = 2E6FA4362547DBB4003F1FFE /* sortinghat.gif */; };
		2E6FA4392547DBC5003F1FFE /* soRTHAT.gif in Resources */ = {isa = PBXBuildFile; fileRef = 2E6FA4382547DBC5003F1FFE /* soRTHAT.gif */; };
/* End PBXBuildFile section */

/* Begin PBXContainerItemProxy section */
		2E6FA4142547D09B003F1FFE /* PBXContainerItemProxy */ = {
			isa = PBXContainerItemProxy;
			containerPortal = 2E6FA3F52547D099003F1FFE /* Project object */;
			proxyType = 1;
			remoteGlobalIDString = 2E6FA3FC2547D099003F1FFE;
			remoteInfo = HogwartHub;
		};
/* End PBXContainerItemProxy section */

/* Begin PBXFileReference section */
		2E6FA3FD2547D099003F1FFE /* HogwartHub.app */ = {isa = PBXFileReference; explicitFileType = wrapper.application; includeInIndex = 0; path = HogwartHub.app; sourceTree = BUILT_PRODUCTS_DIR; };
		2E6FA4002547D099003F1FFE /* AppDelegate.swift */ = {isa = PBXFileReference; lastKnownFileType = sourcecode.swift; path = AppDelegate.swift; sourceTree = "<group>"; };
		2E6FA4022547D099003F1FFE /* SceneDelegate.swift */ = {isa = PBXFileReference; lastKnownFileType = sourcecode.swift; path = SceneDelegate.swift; sourceTree = "<group>"; };
		2E6FA4042547D099003F1FFE /* ViewController.swift */ = {isa = PBXFileReference; lastKnownFileType = sourcecode.swift; path = ViewController.swift; sourceTree = "<group>"; };
		2E6FA4072547D099003F1FFE /* Base */ = {isa = PBXFileReference; lastKnownFileType = file.storyboard; name = Base; path = Base.lproj/Main.storyboard; sourceTree = "<group>"; };
		2E6FA4092547D09B003F1FFE /* Assets.xcassets */ = {isa = PBXFileReference; lastKnownFileType = folder.assetcatalog; path = Assets.xcassets; sourceTree = "<group>"; };
		2E6FA40C2547D09B003F1FFE /* Base */ = {isa = PBXFileReference; lastKnownFileType = file.storyboard; name = Base; path = Base.lproj/LaunchScreen.storyboard; sourceTree = "<group>"; };
		2E6FA40E2547D09B003F1FFE /* Info.plist */ = {isa = PBXFileReference; lastKnownFileType = text.plist.xml; path = Info.plist; sourceTree = "<group>"; };
		2E6FA4132547D09B003F1FFE /* HogwartHubTests.xctest */ = {isa = PBXFileReference; explicitFileType = wrapper.cfbundle; includeInIndex = 0; path = HogwartHubTests.xctest; sourceTree = BUILT_PRODUCTS_DIR; };
		2E6FA4172547D09B003F1FFE /* HogwartHubTests.swift */ = {isa = PBXFileReference; lastKnownFileType = sourcecode.swift; path = HogwartHubTests.swift; sourceTree = "<group>"; };
		2E6FA4192547D09B003F1FFE /* Info.plist */ = {isa = PBXFileReference; lastKnownFileType = text.plist.xml; path = Info.plist; sourceTree = "<group>"; };
		2E6FA4232547D485003F1FFE /* API.swift */ = {isa = PBXFileReference; lastKnownFileType = sourcecode.swift; path = API.swift; sourceTree = "<group>"; };
		2E6FA4252547D4CB003F1FFE /* NetworkHelper.swift */ = {isa = PBXFileReference; lastKnownFileType = sourcecode.swift; path = NetworkHelper.swift; sourceTree = "<group>"; };
		2E6FA4272547D516003F1FFE /* AppError.swift */ = {isa = PBXFileReference; lastKnownFileType = sourcecode.swift; path = AppError.swift; sourceTree = "<group>"; };
		2E6FA42A2547D5AF003F1FFE /* Model.swift */ = {isa = PBXFileReference; lastKnownFileType = sourcecode.swift; path = Model.swift; sourceTree = "<group>"; };
		2E6FA42D2547DB08003F1FFE /* Music.swift */ = {isa = PBXFileReference; fileEncoding = 4; lastKnownFileType = sourcecode.swift; path = Music.swift; sourceTree = "<group>"; };
		2E6FA42F2547DB13003F1FFE /* Harry Potter Theme Song.mp3 */ = {isa = PBXFileReference; lastKnownFileType = audio.mp3; path = "Harry Potter Theme Song.mp3"; sourceTree = "<group>"; };
		2E6FA4312547DB1C003F1FFE /* arthur-vyncke-snow-and-magic.mp3 */ = {isa = PBXFileReference; lastKnownFileType = audio.mp3; path = "arthur-vyncke-snow-and-magic.mp3"; sourceTree = "<group>"; };
		2E6FA4342547DBAA003F1FFE /* clouds2.gif */ = {isa = PBXFileReference; lastKnownFileType = image.gif; path = clouds2.gif; sourceTree = "<group>"; };
		2E6FA4362547DBB4003F1FFE /* sortinghat.gif */ = {isa = PBXFileReference; lastKnownFileType = image.gif; path = sortinghat.gif; sourceTree = "<group>"; };
		2E6FA4382547DBC5003F1FFE /* soRTHAT.gif */ = {isa = PBXFileReference; lastKnownFileType = image.gif; path = soRTHAT.gif; sourceTree = "<group>"; };
/* End PBXFileReference section */

/* Begin PBXFrameworksBuildPhase section */
		2E6FA3FA2547D099003F1FFE /* Frameworks */ = {
			isa = PBXFrameworksBuildPhase;
			buildActionMask = 2147483647;
			files = (
			);
			runOnlyForDeploymentPostprocessing = 0;
		};
		2E6FA4102547D09B003F1FFE /* Frameworks */ = {
			isa = PBXFrameworksBuildPhase;
			buildActionMask = 2147483647;
			files = (
			);
			runOnlyForDeploymentPostprocessing = 0;
		};
/* End PBXFrameworksBuildPhase section */

/* Begin PBXGroup section */
		2E6FA3F42547D099003F1FFE = {
			isa = PBXGroup;
			children = (
				2E6FA3FF2547D099003F1FFE /* HogwartHub */,
				2E6FA4162547D09B003F1FFE /* HogwartHubTests */,
				2E6FA3FE2547D099003F1FFE /* Products */,
			);
			sourceTree = "<group>";
		};
		2E6FA3FE2547D099003F1FFE /* Products */ = {
			isa = PBXGroup;
			children = (
				2E6FA3FD2547D099003F1FFE /* HogwartHub.app */,
				2E6FA4132547D09B003F1FFE /* HogwartHubTests.xctest */,
			);
			name = Products;
			sourceTree = "<group>";
		};
		2E6FA3FF2547D099003F1FFE /* HogwartHub */ = {
			isa = PBXGroup;
			children = (
				2E6FA4222547D453003F1FFE /*  NetworkFiles */,
				2E6FA4292547D53D003F1FFE /* Model */,
				2E6FA4002547D099003F1FFE /* AppDelegate.swift */,
				2E6FA4022547D099003F1FFE /* SceneDelegate.swift */,
				2E6FA4042547D099003F1FFE /* ViewController.swift */,
				2E6FA4062547D099003F1FFE /* Main.storyboard */,
				2E6FA4092547D09B003F1FFE /* Assets.xcassets */,
				2E6FA40B2547D09B003F1FFE /* LaunchScreen.storyboard */,
				2E6FA4332547DB8E003F1FFE /* Gifs */,
				2E6FA42C2547D5E7003F1FFE /* Music */,
				2E6FA40E2547D09B003F1FFE /* Info.plist */,
			);
			path = HogwartHub;
			sourceTree = "<group>";
		};
		2E6FA4162547D09B003F1FFE /* HogwartHubTests */ = {
			isa = PBXGroup;
			children = (
				2E6FA4172547D09B003F1FFE /* HogwartHubTests.swift */,
				2E6FA4192547D09B003F1FFE /* Info.plist */,
			);
			path = HogwartHubTests;
			sourceTree = "<group>";
		};
		2E6FA4222547D453003F1FFE /*  NetworkFiles */ = {
			isa = PBXGroup;
			children = (
				2E6FA4232547D485003F1FFE /* API.swift */,
				2E6FA4252547D4CB003F1FFE /* NetworkHelper.swift */,
				2E6FA4272547D516003F1FFE /* AppError.swift */,
			);
			path = " NetworkFiles";
			sourceTree = "<group>";
		};
		2E6FA4292547D53D003F1FFE /* Model */ = {
			isa = PBXGroup;
			children = (
				2E6FA42A2547D5AF003F1FFE /* Model.swift */,
			);
			path = Model;
			sourceTree = "<group>";
		};
		2E6FA42C2547D5E7003F1FFE /* Music */ = {
			isa = PBXGroup;
			children = (
				2E6FA42D2547DB08003F1FFE /* Music.swift */,
				2E6FA42F2547DB13003F1FFE /* Harry Potter Theme Song.mp3 */,
				2E6FA4312547DB1C003F1FFE /* arthur-vyncke-snow-and-magic.mp3 */,
			);
			path = Music;
			sourceTree = "<group>";
		};
		2E6FA4332547DB8E003F1FFE /* Gifs */ = {
			isa = PBXGroup;
			children = (
				2E6FA4342547DBAA003F1FFE /* clouds2.gif */,
				2E6FA4382547DBC5003F1FFE /* soRTHAT.gif */,
				2E6FA4362547DBB4003F1FFE /* sortinghat.gif */,
			);
			path = Gifs;
			sourceTree = "<group>";
		};
/* End PBXGroup section */

/* Begin PBXNativeTarget section */
		2E6FA3FC2547D099003F1FFE /* HogwartHub */ = {
			isa = PBXNativeTarget;
			buildConfigurationList = 2E6FA41C2547D09B003F1FFE /* Build configuration list for PBXNativeTarget "HogwartHub" */;
			buildPhases = (
				2E6FA3F92547D099003F1FFE /* Sources */,
				2E6FA3FA2547D099003F1FFE /* Frameworks */,
				2E6FA3FB2547D099003F1FFE /* Resources */,
			);
			buildRules = (
			);
			dependencies = (
			);
			name = HogwartHub;
			productName = HogwartHub;
			productReference = 2E6FA3FD2547D099003F1FFE /* HogwartHub.app */;
			productType = "com.apple.product-type.application";
		};
		2E6FA4122547D09B003F1FFE /* HogwartHubTests */ = {
			isa = PBXNativeTarget;
			buildConfigurationList = 2E6FA41F2547D09B003F1FFE /* Build configuration list for PBXNativeTarget "HogwartHubTests" */;
			buildPhases = (
				2E6FA40F2547D09B003F1FFE /* Sources */,
				2E6FA4102547D09B003F1FFE /* Frameworks */,
				2E6FA4112547D09B003F1FFE /* Resources */,
			);
			buildRules = (
			);
			dependencies = (
				2E6FA4152547D09B003F1FFE /* PBXTargetDependency */,
			);
			name = HogwartHubTests;
			productName = HogwartHubTests;
			productReference = 2E6FA4132547D09B003F1FFE /* HogwartHubTests.xctest */;
			productType = "com.apple.product-type.bundle.unit-test";
		};
/* End PBXNativeTarget section */

/* Begin PBXProject section */
		2E6FA3F52547D099003F1FFE /* Project object */ = {
			isa = PBXProject;
			attributes = {
				LastSwiftUpdateCheck = 1130;
				LastUpgradeCheck = 1130;
				ORGANIZATIONNAME = "Tanya Burke";
				TargetAttributes = {
					2E6FA3FC2547D099003F1FFE = {
						CreatedOnToolsVersion = 11.3;
					};
					2E6FA4122547D09B003F1FFE = {
						CreatedOnToolsVersion = 11.3;
						TestTargetID = 2E6FA3FC2547D099003F1FFE;
					};
				};
			};
			buildConfigurationList = 2E6FA3F82547D099003F1FFE /* Build configuration list for PBXProject "HogwartHub" */;
			compatibilityVersion = "Xcode 9.3";
			developmentRegion = en;
			hasScannedForEncodings = 0;
			knownRegions = (
				en,
				Base,
			);
			mainGroup = 2E6FA3F42547D099003F1FFE;
			productRefGroup = 2E6FA3FE2547D099003F1FFE /* Products */;
			projectDirPath = "";
			projectRoot = "";
			targets = (
				2E6FA3FC2547D099003F1FFE /* HogwartHub */,
				2E6FA4122547D09B003F1FFE /* HogwartHubTests */,
			);
		};
/* End PBXProject section */

/* Begin PBXResourcesBuildPhase section */
		2E6FA3FB2547D099003F1FFE /* Resources */ = {
			isa = PBXResourcesBuildPhase;
			buildActionMask = 2147483647;
			files = (
				2E6FA4322547DB1C003F1FFE /* arthur-vyncke-snow-and-magic.mp3 in Resources */,
				2E6FA4372547DBB4003F1FFE /* sortinghat.gif in Resources */,
				2E6FA40D2547D09B003F1FFE /* LaunchScreen.storyboard in Resources */,
				2E6FA40A2547D09B003F1FFE /* Assets.xcassets in Resources */,
				2E6FA4392547DBC5003F1FFE /* soRTHAT.gif in Resources */,
				2E6FA4082547D099003F1FFE /* Main.storyboard in Resources */,
				2E6FA4302547DB13003F1FFE /* Harry Potter Theme Song.mp3 in Resources */,
				2E6FA4352547DBAA003F1FFE /* clouds2.gif in Resources */,
			);
			runOnlyForDeploymentPostprocessing = 0;
		};
		2E6FA4112547D09B003F1FFE /* Resources */ = {
			isa = PBXResourcesBuildPhase;
			buildActionMask = 2147483647;
			files = (
			);
			runOnlyForDeploymentPostprocessing = 0;
		};
/* End PBXResourcesBuildPhase section */

/* Begin PBXSourcesBuildPhase section */
		2E6FA3F92547D099003F1FFE /* Sources */ = {
			isa = PBXSourcesBuildPhase;
			buildActionMask = 2147483647;
			files = (
				2E6FA42B2547D5AF003F1FFE /* Model.swift in Sources */,
				2E6FA4052547D099003F1FFE /* ViewController.swift in Sources */,
				2E6FA4012547D099003F1FFE /* AppDelegate.swift in Sources */,
				2E6FA4282547D516003F1FFE /* AppError.swift in Sources */,
				2E6FA4262547D4CB003F1FFE /* NetworkHelper.swift in Sources */,
				2E6FA4242547D485003F1FFE /* API.swift in Sources */,
				2E6FA4032547D099003F1FFE /* SceneDelegate.swift in Sources */,
				2E6FA42E2547DB08003F1FFE /* Music.swift in Sources */,
			);
			runOnlyForDeploymentPostprocessing = 0;
		};
		2E6FA40F2547D09B003F1FFE /* Sources */ = {
			isa = PBXSourcesBuildPhase;
			buildActionMask = 2147483647;
			files = (
				2E6FA4182547D09B003F1FFE /* HogwartHubTests.swift in Sources */,
			);
			runOnlyForDeploymentPostprocessing = 0;
		};
/* End PBXSourcesBuildPhase section */

/* Begin PBXTargetDependency section */
		2E6FA4152547D09B003F1FFE /* PBXTargetDependency */ = {
			isa = PBXTargetDependency;
			target = 2E6FA3FC2547D099003F1FFE /* HogwartHub */;
			targetProxy = 2E6FA4142547D09B003F1FFE /* PBXContainerItemProxy */;
		};
/* End PBXTargetDependency section */

/* Begin PBXVariantGroup section */
		2E6FA4062547D099003F1FFE /* Main.storyboard */ = {
			isa = PBXVariantGroup;
			children = (
				2E6FA4072547D099003F1FFE /* Base */,
			);
			name = Main.storyboard;
			sourceTree = "<group>";
		};
		2E6FA40B2547D09B003F1FFE /* LaunchScreen.storyboard */ = {
			isa = PBXVariantGroup;
			children = (
				2E6FA40C2547D09B003F1FFE /* Base */,
			);
			name = LaunchScreen.storyboard;
			sourceTree = "<group>";
		};
/* End PBXVariantGroup section */

/* Begin XCBuildConfiguration section */
		2E6FA41A2547D09B003F1FFE /* Debug */ = {
			isa = XCBuildConfiguration;
			buildSettings = {
				ALWAYS_SEARCH_USER_PATHS = NO;
				CLANG_ANALYZER_NONNULL = YES;
				CLANG_ANALYZER_NUMBER_OBJECT_CONVERSION = YES_AGGRESSIVE;
				CLANG_CXX_LANGUAGE_STANDARD = "gnu++14";
				CLANG_CXX_LIBRARY = "libc++";
				CLANG_ENABLE_MODULES = YES;
				CLANG_ENABLE_OBJC_ARC = YES;
				CLANG_ENABLE_OBJC_WEAK = YES;
				CLANG_WARN_BLOCK_CAPTURE_AUTORELEASING = YES;
				CLANG_WARN_BOOL_CONVERSION = YES;
				CLANG_WARN_COMMA = YES;
				CLANG_WARN_CONSTANT_CONVERSION = YES;
				CLANG_WARN_DEPRECATED_OBJC_IMPLEMENTATIONS = YES;
				CLANG_WARN_DIRECT_OBJC_ISA_USAGE = YES_ERROR;
				CLANG_WARN_DOCUMENTATION_COMMENTS = YES;
				CLANG_WARN_EMPTY_BODY = YES;
				CLANG_WARN_ENUM_CONVERSION = YES;
				CLANG_WARN_INFINITE_RECURSION = YES;
				CLANG_WARN_INT_CONVERSION = YES;
				CLANG_WARN_NON_LITERAL_NULL_CONVERSION = YES;
				CLANG_WARN_OBJC_IMPLICIT_RETAIN_SELF = YES;
				CLANG_WARN_OBJC_LITERAL_CONVERSION = YES;
				CLANG_WARN_OBJC_ROOT_CLASS = YES_ERROR;
				CLANG_WARN_RANGE_LOOP_ANALYSIS = YES;
				CLANG_WARN_STRICT_PROTOTYPES = YES;
				CLANG_WARN_SUSPICIOUS_MOVE = YES;
				CLANG_WARN_UNGUARDED_AVAILABILITY = YES_AGGRESSIVE;
				CLANG_WARN_UNREACHABLE_CODE = YES;
				CLANG_WARN__DUPLICATE_METHOD_MATCH = YES;
				COPY_PHASE_STRIP = NO;
				DEBUG_INFORMATION_FORMAT = dwarf;
				ENABLE_STRICT_OBJC_MSGSEND = YES;
				ENABLE_TESTABILITY = YES;
				GCC_C_LANGUAGE_STANDARD = gnu11;
				GCC_DYNAMIC_NO_PIC = NO;
				GCC_NO_COMMON_BLOCKS = YES;
				GCC_OPTIMIZATION_LEVEL = 0;
				GCC_PREPROCESSOR_DEFINITIONS = (
					"DEBUG=1",
					"$(inherited)",
				);
				GCC_WARN_64_TO_32_BIT_CONVERSION = YES;
				GCC_WARN_ABOUT_RETURN_TYPE = YES_ERROR;
				GCC_WARN_UNDECLARED_SELECTOR = YES;
				GCC_WARN_UNINITIALIZED_AUTOS = YES_AGGRESSIVE;
				GCC_WARN_UNUSED_FUNCTION = YES;
				GCC_WARN_UNUSED_VARIABLE = YES;
				IPHONEOS_DEPLOYMENT_TARGET = 13.2;
				MTL_ENABLE_DEBUG_INFO = INCLUDE_SOURCE;
				MTL_FAST_MATH = YES;
				ONLY_ACTIVE_ARCH = YES;
				SDKROOT = iphoneos;
				SWIFT_ACTIVE_COMPILATION_CONDITIONS = DEBUG;
				SWIFT_OPTIMIZATION_LEVEL = "-Onone";
			};
			name = Debug;
		};
		2E6FA41B2547D09B003F1FFE /* Release */ = {
			isa = XCBuildConfiguration;
			buildSettings = {
				ALWAYS_SEARCH_USER_PATHS = NO;
				CLANG_ANALYZER_NONNULL = YES;
				CLANG_ANALYZER_NUMBER_OBJECT_CONVERSION = YES_AGGRESSIVE;
				CLANG_CXX_LANGUAGE_STANDARD = "gnu++14";
				CLANG_CXX_LIBRARY = "libc++";
				CLANG_ENABLE_MODULES = YES;
				CLANG_ENABLE_OBJC_ARC = YES;
				CLANG_ENABLE_OBJC_WEAK = YES;
				CLANG_WARN_BLOCK_CAPTURE_AUTORELEASING = YES;
				CLANG_WARN_BOOL_CONVERSION = YES;
				CLANG_WARN_COMMA = YES;
				CLANG_WARN_CONSTANT_CONVERSION = YES;
				CLANG_WARN_DEPRECATED_OBJC_IMPLEMENTATIONS = YES;
				CLANG_WARN_DIRECT_OBJC_ISA_USAGE = YES_ERROR;
				CLANG_WARN_DOCUMENTATION_COMMENTS = YES;
				CLANG_WARN_EMPTY_BODY = YES;
				CLANG_WARN_ENUM_CONVERSION = YES;
				CLANG_WARN_INFINITE_RECURSION = YES;
				CLANG_WARN_INT_CONVERSION = YES;
				CLANG_WARN_NON_LITERAL_NULL_CONVERSION = YES;
				CLANG_WARN_OBJC_IMPLICIT_RETAIN_SELF = YES;
				CLANG_WARN_OBJC_LITERAL_CONVERSION = YES;
				CLANG_WARN_OBJC_ROOT_CLASS = YES_ERROR;
				CLANG_WARN_RANGE_LOOP_ANALYSIS = YES;
				CLANG_WARN_STRICT_PROTOTYPES = YES;
				CLANG_WARN_SUSPICIOUS_MOVE = YES;
				CLANG_WARN_UNGUARDED_AVAILABILITY = YES_AGGRESSIVE;
				CLANG_WARN_UNREACHABLE_CODE = YES;
				CLANG_WARN__DUPLICATE_METHOD_MATCH = YES;
				COPY_PHASE_STRIP = NO;
				DEBUG_INFORMATION_FORMAT = "dwarf-with-dsym";
				ENABLE_NS_ASSERTIONS = NO;
				ENABLE_STRICT_OBJC_MSGSEND = YES;
				GCC_C_LANGUAGE_STANDARD = gnu11;
				GCC_NO_COMMON_BLOCKS = YES;
				GCC_WARN_64_TO_32_BIT_CONVERSION = YES;
				GCC_WARN_ABOUT_RETURN_TYPE = YES_ERROR;
				GCC_WARN_UNDECLARED_SELECTOR = YES;
				GCC_WARN_UNINITIALIZED_AUTOS = YES_AGGRESSIVE;
				GCC_WARN_UNUSED_FUNCTION = YES;
				GCC_WARN_UNUSED_VARIABLE = YES;
				IPHONEOS_DEPLOYMENT_TARGET = 13.2;
				MTL_ENABLE_DEBUG_INFO = NO;
				MTL_FAST_MATH = YES;
				SDKROOT = iphoneos;
				SWIFT_COMPILATION_MODE = wholemodule;
				SWIFT_OPTIMIZATION_LEVEL = "-O";
				VALIDATE_PRODUCT = YES;
			};
			name = Release;
		};
		2E6FA41D2547D09B003F1FFE /* Debug */ = {
			isa = XCBuildConfiguration;
			buildSettings = {
				ASSETCATALOG_COMPILER_APPICON_NAME = AppIcon;
				CODE_SIGN_STYLE = Automatic;
				DEVELOPMENT_TEAM = D7B3YUFQ98;
				INFOPLIST_FILE = HogwartHub/Info.plist;
				LD_RUNPATH_SEARCH_PATHS = (
					"$(inherited)",
					"@executable_path/Frameworks",
				);
				PRODUCT_BUNDLE_IDENTIFIER = Pursuit.HogwartHub;
				PRODUCT_NAME = "$(TARGET_NAME)";
				SWIFT_VERSION = 5.0;
				TARGETED_DEVICE_FAMILY = "1,2";
			};
			name = Debug;
		};
		2E6FA41E2547D09B003F1FFE /* Release */ = {
			isa = XCBuildConfiguration;
			buildSettings = {
				ASSETCATALOG_COMPILER_APPICON_NAME = AppIcon;
				CODE_SIGN_STYLE = Automatic;
				DEVELOPMENT_TEAM = D7B3YUFQ98;
				INFOPLIST_FILE = HogwartHub/Info.plist;
				LD_RUNPATH_SEARCH_PATHS = (
					"$(inherited)",
					"@executable_path/Frameworks",
				);
				PRODUCT_BUNDLE_IDENTIFIER = Pursuit.HogwartHub;
				PRODUCT_NAME = "$(TARGET_NAME)";
				SWIFT_VERSION = 5.0;
				TARGETED_DEVICE_FAMILY = "1,2";
			};
			name = Release;
		};
		2E6FA4202547D09B003F1FFE /* Debug */ = {
			isa = XCBuildConfiguration;
			buildSettings = {
				ALWAYS_EMBED_SWIFT_STANDARD_LIBRARIES = YES;
				BUNDLE_LOADER = "$(TEST_HOST)";
				CODE_SIGN_STYLE = Automatic;
				DEVELOPMENT_TEAM = D7B3YUFQ98;
				INFOPLIST_FILE = HogwartHubTests/Info.plist;
				IPHONEOS_DEPLOYMENT_TARGET = 13.2;
				LD_RUNPATH_SEARCH_PATHS = (
					"$(inherited)",
					"@executable_path/Frameworks",
					"@loader_path/Frameworks",
				);
				PRODUCT_BUNDLE_IDENTIFIER = Pursuit.HogwartHubTests;
				PRODUCT_NAME = "$(TARGET_NAME)";
				SWIFT_VERSION = 5.0;
				TARGETED_DEVICE_FAMILY = "1,2";
				TEST_HOST = "$(BUILT_PRODUCTS_DIR)/HogwartHub.app/HogwartHub";
			};
			name = Debug;
		};
		2E6FA4212547D09B003F1FFE /* Release */ = {
			isa = XCBuildConfiguration;
			buildSettings = {
				ALWAYS_EMBED_SWIFT_STANDARD_LIBRARIES = YES;
				BUNDLE_LOADER = "$(TEST_HOST)";
				CODE_SIGN_STYLE = Automatic;
				DEVELOPMENT_TEAM = D7B3YUFQ98;
				INFOPLIST_FILE = HogwartHubTests/Info.plist;
				IPHONEOS_DEPLOYMENT_TARGET = 13.2;
				LD_RUNPATH_SEARCH_PATHS = (
					"$(inherited)",
					"@executable_path/Frameworks",
					"@loader_path/Frameworks",
				);
				PRODUCT_BUNDLE_IDENTIFIER = Pursuit.HogwartHubTests;
				PRODUCT_NAME = "$(TARGET_NAME)";
				SWIFT_VERSION = 5.0;
				TARGETED_DEVICE_FAMILY = "1,2";
				TEST_HOST = "$(BUILT_PRODUCTS_DIR)/HogwartHub.app/HogwartHub";
			};
			name = Release;
		};
/* End XCBuildConfiguration section */

/* Begin XCConfigurationList section */
		2E6FA3F82547D099003F1FFE /* Build configuration list for PBXProject "HogwartHub" */ = {
			isa = XCConfigurationList;
			buildConfigurations = (
				2E6FA41A2547D09B003F1FFE /* Debug */,
				2E6FA41B2547D09B003F1FFE /* Release */,
			);
			defaultConfigurationIsVisible = 0;
			defaultConfigurationName = Release;
		};
		2E6FA41C2547D09B003F1FFE /* Build configuration list for PBXNativeTarget "HogwartHub" */ = {
			isa = XCConfigurationList;
			buildConfigurations = (
				2E6FA41D2547D09B003F1FFE /* Debug */,
				2E6FA41E2547D09B003F1FFE /* Release */,
			);
			defaultConfigurationIsVisible = 0;
			defaultConfigurationName = Release;
		};
		2E6FA41F2547D09B003F1FFE /* Build configuration list for PBXNativeTarget "HogwartHubTests" */ = {
			isa = XCConfigurationList;
			buildConfigurations = (
				2E6FA4202547D09B003F1FFE /* Debug */,
				2E6FA4212547D09B003F1FFE /* Release */,
			);
			defaultConfigurationIsVisible = 0;
			defaultConfigurationName = Release;
		};
/* End XCConfigurationList section */
	};
	rootObject = 2E6FA3F52547D099003F1FFE /* Project object */;
}
